// !$*UTF8*$!
{
	archiveVersion = 1;
	classes = {
	};
	objectVersion = 56;
	objects = {

/* Begin PBXBuildFile section */
		5F5FAFD02DAF567B001FD584 /* SwiftCatalogApp.swift in Sources */ = {isa = PBXBuildFile; fileRef = 5F5FAFCF2DAF567B001FD584 /* SwiftCatalogApp.swift */; };
		5F5FAFD22DAF567B001FD584 /* ProductListView.swift in Sources */ = {isa = PBXBuildFile; fileRef = 5F5FAFD12DAF567B001FD584 /* ProductListView.swift */; };
		5F5FAFD42DAF567D001FD584 /* Assets.xcassets in Resources */ = {isa = PBXBuildFile; fileRef = 5F5FAFD32DAF567D001FD584 /* Assets.xcassets */; };
		5F5FAFD72DAF567D001FD584 /* Preview Assets.xcassets in Resources */ = {isa = PBXBuildFile; fileRef = 5F5FAFD62DAF567D001FD584 /* Preview Assets.xcassets */; };
		5F5FAFDE2DAF5702001FD584 /* ProductListViewModel.swift in Sources */ = {isa = PBXBuildFile; fileRef = 5F5FAFDD2DAF5702001FD584 /* ProductListViewModel.swift */; };
		5F5FAFE02DAF571B001FD584 /* WebService.swift in Sources */ = {isa = PBXBuildFile; fileRef = 5F5FAFDF2DAF571B001FD584 /* WebService.swift */; };
		5F5FAFE22DAF5738001FD584 /* Product.swift in Sources */ = {isa = PBXBuildFile; fileRef = 5F5FAFE12DAF5738001FD584 /* Product.swift */; };
		5F5FAFE42DAF5F5D001FD584 /* FilterOptions.swift in Sources */ = {isa = PBXBuildFile; fileRef = 5F5FAFE32DAF5F5D001FD584 /* FilterOptions.swift */; };
/* End PBXBuildFile section */

/* Begin PBXFileReference section */
		5F5FAFCC2DAF567B001FD584 /* SwiftCatalog.app */ = {isa = PBXFileReference; explicitFileType = wrapper.application; includeInIndex = 0; path = SwiftCatalog.app; sourceTree = BUILT_PRODUCTS_DIR; };
		5F5FAFCF2DAF567B001FD584 /* SwiftCatalogApp.swift */ = {isa = PBXFileReference; lastKnownFileType = sourcecode.swift; path = SwiftCatalogApp.swift; sourceTree = "<group>"; };
		5F5FAFD12DAF567B001FD584 /* ProductListView.swift */ = {isa = PBXFileReference; lastKnownFileType = sourcecode.swift; path = ProductListView.swift; sourceTree = "<group>"; };
		5F5FAFD32DAF567D001FD584 /* Assets.xcassets */ = {isa = PBXFileReference; lastKnownFileType = folder.assetcatalog; path = Assets.xcassets; sourceTree = "<group>"; };
		5F5FAFD62DAF567D001FD584 /* Preview Assets.xcassets */ = {isa = PBXFileReference; lastKnownFileType = folder.assetcatalog; path = "Preview Assets.xcassets"; sourceTree = "<group>"; };
		5F5FAFDD2DAF5702001FD584 /* ProductListViewModel.swift */ = {isa = PBXFileReference; lastKnownFileType = sourcecode.swift; path = ProductListViewModel.swift; sourceTree = "<group>"; };
		5F5FAFDF2DAF571B001FD584 /* WebService.swift */ = {isa = PBXFileReference; lastKnownFileType = sourcecode.swift; path = WebService.swift; sourceTree = "<group>"; };
		5F5FAFE12DAF5738001FD584 /* Product.swift */ = {isa = PBXFileReference; lastKnownFileType = sourcecode.swift; path = Product.swift; sourceTree = "<group>"; };
		5F5FAFE32DAF5F5D001FD584 /* FilterOptions.swift */ = {isa = PBXFileReference; lastKnownFileType = sourcecode.swift; path = FilterOptions.swift; sourceTree = "<group>"; };
/* End PBXFileReference section */

/* Begin PBXFrameworksBuildPhase section */
		5F5FAFC92DAF567B001FD584 /* Frameworks */ = {
			isa = PBXFrameworksBuildPhase;
			buildActionMask = 2147483647;
			files = (
			);
			runOnlyForDeploymentPostprocessing = 0;
		};
/* End PBXFrameworksBuildPhase section */

/* Begin PBXGroup section */
		5F5FAFC32DAF567B001FD584 = {
			isa = PBXGroup;
			children = (
				5F5FAFCE2DAF567B001FD584 /* SwiftCatalog */,
				5F5FAFCD2DAF567B001FD584 /* Products */,
			);
			sourceTree = "<group>";
		};
		5F5FAFCD2DAF567B001FD584 /* Products */ = {
			isa = PBXGroup;
			children = (
				5F5FAFCC2DAF567B001FD584 /* SwiftCatalog.app */,
			);
			name = Products;
			sourceTree = "<group>";
		};
		5F5FAFCE2DAF567B001FD584 /* SwiftCatalog */ = {
			isa = PBXGroup;
			children = (
				5F5FAFCF2DAF567B001FD584 /* SwiftCatalogApp.swift */,
				5F5FAFE62DAF78C8001FD584 /* NetworkManager */,
				5F5FAFE52DAF78AC001FD584 /* Product */,
				5F5FAFD32DAF567D001FD584 /* Assets.xcassets */,
				5F5FAFD52DAF567D001FD584 /* Preview Content */,
			);
			path = SwiftCatalog;
			sourceTree = "<group>";
		};
		5F5FAFD52DAF567D001FD584 /* Preview Content */ = {
			isa = PBXGroup;
			children = (
				5F5FAFD62DAF567D001FD584 /* Preview Assets.xcassets */,
			);
			path = "Preview Content";
			sourceTree = "<group>";
		};
		5F5FAFE52DAF78AC001FD584 /* Product */ = {
			isa = PBXGroup;
			children = (
				5F5FAFDD2DAF5702001FD584 /* ProductListViewModel.swift */,
				5F5FAFE12DAF5738001FD584 /* Product.swift */,
				5F5FAFD12DAF567B001FD584 /* ProductListView.swift */,
				5F5FAFE32DAF5F5D001FD584 /* FilterOptions.swift */,
			);
			path = Product;
			sourceTree = "<group>";
		};
		5F5FAFE62DAF78C8001FD584 /* NetworkManager */ = {
			isa = PBXGroup;
			children = (
				5F5FAFDF2DAF571B001FD584 /* WebService.swift */,
			);
			path = NetworkManager;
			sourceTree = "<group>";
		};
/* End PBXGroup section */

/* Begin PBXNativeTarget section */
		5F5FAFCB2DAF567B001FD584 /* SwiftCatalog */ = {
			isa = PBXNativeTarget;
			buildConfigurationList = 5F5FAFDA2DAF567D001FD584 /* Build configuration list for PBXNativeTarget "SwiftCatalog" */;
			buildPhases = (
				5F5FAFC82DAF567B001FD584 /* Sources */,
				5F5FAFC92DAF567B001FD584 /* Frameworks */,
				5F5FAFCA2DAF567B001FD584 /* Resources */,
			);
			buildRules = (
			);
			dependencies = (
			);
			name = SwiftCatalog;
			productName = SwiftCatalog;
			productReference = 5F5FAFCC2DAF567B001FD584 /* SwiftCatalog.app */;
			productType = "com.apple.product-type.application";
		};
/* End PBXNativeTarget section */

/* Begin PBXProject section */
		5F5FAFC42DAF567B001FD584 /* Project object */ = {
			isa = PBXProject;
			attributes = {
				BuildIndependentTargetsInParallel = 1;
				LastSwiftUpdateCheck = 1530;
				LastUpgradeCheck = 1530;
				TargetAttributes = {
					5F5FAFCB2DAF567B001FD584 = {
						CreatedOnToolsVersion = 15.3;
					};
				};
			};
			buildConfigurationList = 5F5FAFC72DAF567B001FD584 /* Build configuration list for PBXProject "SwiftCatalog" */;
			compatibilityVersion = "Xcode 14.0";
			developmentRegion = en;
			hasScannedForEncodings = 0;
			knownRegions = (
				en,
				Base,
			);
			mainGroup = 5F5FAFC32DAF567B001FD584;
			productRefGroup = 5F5FAFCD2DAF567B001FD584 /* Products */;
			projectDirPath = "";
			projectRoot = "";
			targets = (
				5F5FAFCB2DAF567B001FD584 /* SwiftCatalog */,
			);
		};
/* End PBXProject section */

/* Begin PBXResourcesBuildPhase section */
		5F5FAFCA2DAF567B001FD584 /* Resources */ = {
			isa = PBXResourcesBuildPhase;
			buildActionMask = 2147483647;
			files = (
				5F5FAFD72DAF567D001FD584 /* Preview Assets.xcassets in Resources */,
				5F5FAFD42DAF567D001FD584 /* Assets.xcassets in Resources */,
			);
			runOnlyForDeploymentPostprocessing = 0;
		};
/* End PBXResourcesBuildPhase section */

/* Begin PBXSourcesBuildPhase section */
		5F5FAFC82DAF567B001FD584 /* Sources */ = {
			isa = PBXSourcesBuildPhase;
			buildActionMask = 2147483647;
			files = (
				5F5FAFE42DAF5F5D001FD584 /* FilterOptions.swift in Sources */,
				5F5FAFD22DAF567B001FD584 /* ProductListView.swift in Sources */,
				5F5FAFD02DAF567B001FD584 /* SwiftCatalogApp.swift in Sources */,
				5F5FAFE22DAF5738001FD584 /* Product.swift in Sources */,
				5F5FAFE02DAF571B001FD584 /* WebService.swift in Sources */,
				5F5FAFDE2DAF5702001FD584 /* ProductListViewModel.swift in Sources */,
			);
			runOnlyForDeploymentPostprocessing = 0;
		};
/* End PBXSourcesBuildPhase section */

/* Begin XCBuildConfiguration section */
		5F5FAFD82DAF567D001FD584 /* Debug */ = {
			isa = XCBuildConfiguration;
			buildSettings = {
				ALWAYS_SEARCH_USER_PATHS = NO;
				ASSETCATALOG_COMPILER_GENERATE_SWIFT_ASSET_SYMBOL_EXTENSIONS = YES;
				CLANG_ANALYZER_NONNULL = YES;
				CLANG_ANALYZER_NUMBER_OBJECT_CONVERSION = YES_AGGRESSIVE;
				CLANG_CXX_LANGUAGE_STANDARD = "gnu++20";
				CLANG_ENABLE_MODULES = YES;
				CLANG_ENABLE_OBJC_ARC = YES;
				CLANG_ENABLE_OBJC_WEAK = YES;
				CLANG_WARN_BLOCK_CAPTURE_AUTORELEASING = YES;
				CLANG_WARN_BOOL_CONVERSION = YES;
				CLANG_WARN_COMMA = YES;
				CLANG_WARN_CONSTANT_CONVERSION = YES;
				CLANG_WARN_DEPRECATED_OBJC_IMPLEMENTATIONS = YES;
				CLANG_WARN_DIRECT_OBJC_ISA_USAGE = YES_ERROR;
				CLANG_WARN_DOCUMENTATION_COMMENTS = YES;
				CLANG_WARN_EMPTY_BODY = YES;
				CLANG_WARN_ENUM_CONVERSION = YES;
				CLANG_WARN_INFINITE_RECURSION = YES;
				CLANG_WARN_INT_CONVERSION = YES;
				CLANG_WARN_NON_LITERAL_NULL_CONVERSION = YES;
				CLANG_WARN_OBJC_IMPLICIT_RETAIN_SELF = YES;
				CLANG_WARN_OBJC_LITERAL_CONVERSION = YES;
				CLANG_WARN_OBJC_ROOT_CLASS = YES_ERROR;
				CLANG_WARN_QUOTED_INCLUDE_IN_FRAMEWORK_HEADER = YES;
				CLANG_WARN_RANGE_LOOP_ANALYSIS = YES;
				CLANG_WARN_STRICT_PROTOTYPES = YES;
				CLANG_WARN_SUSPICIOUS_MOVE = YES;
				CLANG_WARN_UNGUARDED_AVAILABILITY = YES_AGGRESSIVE;
				CLANG_WARN_UNREACHABLE_CODE = YES;
				CLANG_WARN__DUPLICATE_METHOD_MATCH = YES;
				COPY_PHASE_STRIP = NO;
				DEBUG_INFORMATION_FORMAT = dwarf;
				ENABLE_STRICT_OBJC_MSGSEND = YES;
				ENABLE_TESTABILITY = YES;
				ENABLE_USER_SCRIPT_SANDBOXING = YES;
				GCC_C_LANGUAGE_STANDARD = gnu17;
				GCC_DYNAMIC_NO_PIC = NO;
				GCC_NO_COMMON_BLOCKS = YES;
				GCC_OPTIMIZATION_LEVEL = 0;
				GCC_PREPROCESSOR_DEFINITIONS = (
					"DEBUG=1",
					"$(inherited)",
				);
				GCC_WARN_64_TO_32_BIT_CONVERSION = YES;
				GCC_WARN_ABOUT_RETURN_TYPE = YES_ERROR;
				GCC_WARN_UNDECLARED_SELECTOR = YES;
				GCC_WARN_UNINITIALIZED_AUTOS = YES_AGGRESSIVE;
				GCC_WARN_UNUSED_FUNCTION = YES;
				GCC_WARN_UNUSED_VARIABLE = YES;
				IPHONEOS_DEPLOYMENT_TARGET = 17.4;
				LOCALIZATION_PREFERS_STRING_CATALOGS = YES;
				MTL_ENABLE_DEBUG_INFO = INCLUDE_SOURCE;
				MTL_FAST_MATH = YES;
				ONLY_ACTIVE_ARCH = YES;
				SDKROOT = iphoneos;
				SWIFT_ACTIVE_COMPILATION_CONDITIONS = "DEBUG $(inherited)";
				SWIFT_OPTIMIZATION_LEVEL = "-Onone";
			};
			name = Debug;
		};
		5F5FAFD92DAF567D001FD584 /* Release */ = {
			isa = XCBuildConfiguration;
			buildSettings = {
				ALWAYS_SEARCH_USER_PATHS = NO;
				ASSETCATALOG_COMPILER_GENERATE_SWIFT_ASSET_SYMBOL_EXTENSIONS = YES;
				CLANG_ANALYZER_NONNULL = YES;
				CLANG_ANALYZER_NUMBER_OBJECT_CONVERSION = YES_AGGRESSIVE;
				CLANG_CXX_LANGUAGE_STANDARD = "gnu++20";
				CLANG_ENABLE_MODULES = YES;
				CLANG_ENABLE_OBJC_ARC = YES;
				CLANG_ENABLE_OBJC_WEAK = YES;
				CLANG_WARN_BLOCK_CAPTURE_AUTORELEASING = YES;
				CLANG_WARN_BOOL_CONVERSION = YES;
				CLANG_WARN_COMMA = YES;
				CLANG_WARN_CONSTANT_CONVERSION = YES;
				CLANG_WARN_DEPRECATED_OBJC_IMPLEMENTATIONS = YES;
				CLANG_WARN_DIRECT_OBJC_ISA_USAGE = YES_ERROR;
				CLANG_WARN_DOCUMENTATION_COMMENTS = YES;
				CLANG_WARN_EMPTY_BODY = YES;
				CLANG_WARN_ENUM_CONVERSION = YES;
				CLANG_WARN_INFINITE_RECURSION = YES;
				CLANG_WARN_INT_CONVERSION = YES;
				CLANG_WARN_NON_LITERAL_NULL_CONVERSION = YES;
				CLANG_WARN_OBJC_IMPLICIT_RETAIN_SELF = YES;
				CLANG_WARN_OBJC_LITERAL_CONVERSION = YES;
				CLANG_WARN_OBJC_ROOT_CLASS = YES_ERROR;
				CLANG_WARN_QUOTED_INCLUDE_IN_FRAMEWORK_HEADER = YES;
				CLANG_WARN_RANGE_LOOP_ANALYSIS = YES;
				CLANG_WARN_STRICT_PROTOTYPES = YES;
				CLANG_WARN_SUSPICIOUS_MOVE = YES;
				CLANG_WARN_UNGUARDED_AVAILABILITY = YES_AGGRESSIVE;
				CLANG_WARN_UNREACHABLE_CODE = YES;
				CLANG_WARN__DUPLICATE_METHOD_MATCH = YES;
				COPY_PHASE_STRIP = NO;
				DEBUG_INFORMATION_FORMAT = "dwarf-with-dsym";
				ENABLE_NS_ASSERTIONS = NO;
				ENABLE_STRICT_OBJC_MSGSEND = YES;
				ENABLE_USER_SCRIPT_SANDBOXING = YES;
				GCC_C_LANGUAGE_STANDARD = gnu17;
				GCC_NO_COMMON_BLOCKS = YES;
				GCC_WARN_64_TO_32_BIT_CONVERSION = YES;
				GCC_WARN_ABOUT_RETURN_TYPE = YES_ERROR;
				GCC_WARN_UNDECLARED_SELECTOR = YES;
				GCC_WARN_UNINITIALIZED_AUTOS = YES_AGGRESSIVE;
				GCC_WARN_UNUSED_FUNCTION = YES;
				GCC_WARN_UNUSED_VARIABLE = YES;
				IPHONEOS_DEPLOYMENT_TARGET = 17.4;
				LOCALIZATION_PREFERS_STRING_CATALOGS = YES;
				MTL_ENABLE_DEBUG_INFO = NO;
				MTL_FAST_MATH = YES;
				SDKROOT = iphoneos;
				SWIFT_COMPILATION_MODE = wholemodule;
				VALIDATE_PRODUCT = YES;
			};
			name = Release;
		};
		5F5FAFDB2DAF567D001FD584 /* Debug */ = {
			isa = XCBuildConfiguration;
			buildSettings = {
				ASSETCATALOG_COMPILER_APPICON_NAME = AppIcon;
				ASSETCATALOG_COMPILER_GLOBAL_ACCENT_COLOR_NAME = AccentColor;
				CODE_SIGN_STYLE = Automatic;
				CURRENT_PROJECT_VERSION = 1;
				DEVELOPMENT_ASSET_PATHS = "\"SwiftCatalog/Preview Content\"";
				ENABLE_PREVIEWS = YES;
				GENERATE_INFOPLIST_FILE = YES;
				INFOPLIST_KEY_UIApplicationSceneManifest_Generation = YES;
				INFOPLIST_KEY_UIApplicationSupportsIndirectInputEvents = YES;
				INFOPLIST_KEY_UILaunchScreen_Generation = YES;
				INFOPLIST_KEY_UISupportedInterfaceOrientations_iPad = "UIInterfaceOrientationPortrait UIInterfaceOrientationPortraitUpsideDown UIInterfaceOrientationLandscapeLeft UIInterfaceOrientationLandscapeRight";
				INFOPLIST_KEY_UISupportedInterfaceOrientations_iPhone = "UIInterfaceOrientationPortrait UIInterfaceOrientationLandscapeLeft UIInterfaceOrientationLandscapeRight";
				LD_RUNPATH_SEARCH_PATHS = (
					"$(inherited)",
					"@executable_path/Frameworks",
				);
				MARKETING_VERSION = 1.0;
				PRODUCT_BUNDLE_IDENTIFIER = com.gs.example.SwiftCatalog;
				PRODUCT_NAME = "$(TARGET_NAME)";
				SWIFT_EMIT_LOC_STRINGS = YES;
				SWIFT_VERSION = 5.0;
				TARGETED_DEVICE_FAMILY = "1,2";
			};
			name = Debug;
		};
		5F5FAFDC2DAF567D001FD584 /* Release */ = {
			isa = XCBuildConfiguration;
			buildSettings = {
				ASSETCATALOG_COMPILER_APPICON_NAME = AppIcon;
				ASSETCATALOG_COMPILER_GLOBAL_ACCENT_COLOR_NAME = AccentColor;
				CODE_SIGN_STYLE = Automatic;
				CURRENT_PROJECT_VERSION = 1;
				DEVELOPMENT_ASSET_PATHS = "\"SwiftCatalog/Preview Content\"";
				ENABLE_PREVIEWS = YES;
				GENERATE_INFOPLIST_FILE = YES;
				INFOPLIST_KEY_UIApplicationSceneManifest_Generation = YES;
				INFOPLIST_KEY_UIApplicationSupportsIndirectInputEvents = YES;
				INFOPLIST_KEY_UILaunchScreen_Generation = YES;
				INFOPLIST_KEY_UISupportedInterfaceOrientations_iPad = "UIInterfaceOrientationPortrait UIInterfaceOrientationPortraitUpsideDown UIInterfaceOrientationLandscapeLeft UIInterfaceOrientationLandscapeRight";
				INFOPLIST_KEY_UISupportedInterfaceOrientations_iPhone = "UIInterfaceOrientationPortrait UIInterfaceOrientationLandscapeLeft UIInterfaceOrientationLandscapeRight";
				LD_RUNPATH_SEARCH_PATHS = (
					"$(inherited)",
					"@executable_path/Frameworks",
				);
				MARKETING_VERSION = 1.0;
				PRODUCT_BUNDLE_IDENTIFIER = com.gs.example.SwiftCatalog;
				PRODUCT_NAME = "$(TARGET_NAME)";
				SWIFT_EMIT_LOC_STRINGS = YES;
				SWIFT_VERSION = 5.0;
				TARGETED_DEVICE_FAMILY = "1,2";
			};
			name = Release;
		};
/* End XCBuildConfiguration section */

/* Begin XCConfigurationList section */
		5F5FAFC72DAF567B001FD584 /* Build configuration list for PBXProject "SwiftCatalog" */ = {
			isa = XCConfigurationList;
			buildConfigurations = (
				5F5FAFD82DAF567D001FD584 /* Debug */,
				5F5FAFD92DAF567D001FD584 /* Release */,
			);
			defaultConfigurationIsVisible = 0;
			defaultConfigurationName = Release;
		};
		5F5FAFDA2DAF567D001FD584 /* Build configuration list for PBXNativeTarget "SwiftCatalog" */ = {
			isa = XCConfigurationList;
			buildConfigurations = (
				5F5FAFDB2DAF567D001FD584 /* Debug */,
				5F5FAFDC2DAF567D001FD584 /* Release */,
			);
			defaultConfigurationIsVisible = 0;
			defaultConfigurationName = Release;
		};
/* End XCConfigurationList section */
	};
	rootObject = 5F5FAFC42DAF567B001FD584 /* Project object */;
}
